// !$*UTF8*$!
{
	archiveVersion = 1;
	classes = {
	};
	objectVersion = 46;
	objects = {

/* Begin PBXBuildFile section */
		E6046BDC1A7A2CF800985DBD /* main.m in Sources */ = {isa = PBXBuildFile; fileRef = E6046BDB1A7A2CF800985DBD /* main.m */; };
		E6046BE41A7A2D0500985DBD /* Recipe.m in Sources */ = {isa = PBXBuildFile; fileRef = E6046BE31A7A2D0500985DBD /* Recipe.m */; };
		E6046BE71A7A2F8D00985DBD /* Ingredientes.m in Sources */ = {isa = PBXBuildFile; fileRef = E6046BE61A7A2F8D00985DBD /* Ingredientes.m */; };
/* End PBXBuildFile section */

/* Begin PBXCopyFilesBuildPhase section */
		E6046BD61A7A2CF800985DBD /* CopyFiles */ = {
			isa = PBXCopyFilesBuildPhase;
			buildActionMask = 2147483647;
			dstPath = /usr/share/man/man1/;
			dstSubfolderSpec = 0;
			files = (
			);
			runOnlyForDeploymentPostprocessing = 1;
		};
/* End PBXCopyFilesBuildPhase section */

/* Begin PBXFileReference section */
		E6046BD81A7A2CF800985DBD /* Recipe */ = {isa = PBXFileReference; explicitFileType = "compiled.mach-o.executable"; includeInIndex = 0; path = Recipe; sourceTree = BUILT_PRODUCTS_DIR; };
		E6046BDB1A7A2CF800985DBD /* main.m */ = {isa = PBXFileReference; lastKnownFileType = sourcecode.c.objc; path = main.m; sourceTree = "<group>"; };
		E6046BE21A7A2D0500985DBD /* Recipe.h */ = {isa = PBXFileReference; fileEncoding = 4; lastKnownFileType = sourcecode.c.h; path = Recipe.h; sourceTree = "<group>"; };
		E6046BE31A7A2D0500985DBD /* Recipe.m */ = {isa = PBXFileReference; fileEncoding = 4; lastKnownFileType = sourcecode.c.objc; path = Recipe.m; sourceTree = "<group>"; };
		E6046BE51A7A2F8D00985DBD /* Ingredientes.h */ = {isa = PBXFileReference; fileEncoding = 4; lastKnownFileType = sourcecode.c.h; path = Ingredientes.h; sourceTree = "<group>"; };
		E6046BE61A7A2F8D00985DBD /* Ingredientes.m */ = {isa = PBXFileReference; fileEncoding = 4; lastKnownFileType = sourcecode.c.objc; path = Ingredientes.m; sourceTree = "<group>"; };
/* End PBXFileReference section */

/* Begin PBXFrameworksBuildPhase section */
		E6046BD51A7A2CF800985DBD /* Frameworks */ = {
			isa = PBXFrameworksBuildPhase;
			buildActionMask = 2147483647;
			files = (
			);
			runOnlyForDeploymentPostprocessing = 0;
		};
/* End PBXFrameworksBuildPhase section */

/* Begin PBXGroup section */
		E6046BCF1A7A2CF800985DBD = {
			isa = PBXGroup;
			children = (
				E6046BDA1A7A2CF800985DBD /* Recipe */,
				E6046BD91A7A2CF800985DBD /* Products */,
			);
			sourceTree = "<group>";
		};
		E6046BD91A7A2CF800985DBD /* Products */ = {
			isa = PBXGroup;
			children = (
				E6046BD81A7A2CF800985DBD /* Recipe */,
			);
			name = Products;
			sourceTree = "<group>";
		};
		E6046BDA1A7A2CF800985DBD /* Recipe */ = {
			isa = PBXGroup;
			children = (
				E6046BE21A7A2D0500985DBD /* Recipe.h */,
				E6046BE31A7A2D0500985DBD /* Recipe.m */,
				E6046BE51A7A2F8D00985DBD /* Ingredientes.h */,
				E6046BE61A7A2F8D00985DBD /* Ingredientes.m */,
				E6046BDB1A7A2CF800985DBD /* main.m */,
			);
			path = Recipe;
			sourceTree = "<group>";
		};
/* End PBXGroup section */

/* Begin PBXNativeTarget section */
		E6046BD71A7A2CF800985DBD /* Recipe */ = {
			isa = PBXNativeTarget;
			buildConfigurationList = E6046BDF1A7A2CF800985DBD /* Build configuration list for PBXNativeTarget "Recipe" */;
			buildPhases = (
				E6046BD41A7A2CF800985DBD /* Sources */,
				E6046BD51A7A2CF800985DBD /* Frameworks */,
				E6046BD61A7A2CF800985DBD /* CopyFiles */,
			);
			buildRules = (
			);
			dependencies = (
			);
			name = Recipe;
			productName = Recipe;
			productReference = E6046BD81A7A2CF800985DBD /* Recipe */;
			productType = "com.apple.product-type.tool";
		};
/* End PBXNativeTarget section */

/* Begin PBXProject section */
		E6046BD01A7A2CF800985DBD /* Project object */ = {
			isa = PBXProject;
			attributes = {
				LastUpgradeCheck = 0610;
				ORGANIZATIONNAME = "Filippo Aresu";
				TargetAttributes = {
					E6046BD71A7A2CF800985DBD = {
						CreatedOnToolsVersion = 6.1.1;
					};
				};
			};
			buildConfigurationList = E6046BD31A7A2CF800985DBD /* Build configuration list for PBXProject "Recipe" */;
			compatibilityVersion = "Xcode 3.2";
			developmentRegion = English;
			hasScannedForEncodings = 0;
			knownRegions = (
				en,
			);
			mainGroup = E6046BCF1A7A2CF800985DBD;
			productRefGroup = E6046BD91A7A2CF800985DBD /* Products */;
			projectDirPath = "";
			projectRoot = "";
			targets = (
				E6046BD71A7A2CF800985DBD /* Recipe */,
			);
		};
/* End PBXProject section */

/* Begin PBXSourcesBuildPhase section */
		E6046BD41A7A2CF800985DBD /* Sources */ = {
			isa = PBXSourcesBuildPhase;
			buildActionMask = 2147483647;
			files = (
				E6046BDC1A7A2CF800985DBD /* main.m in Sources */,
				E6046BE71A7A2F8D00985DBD /* Ingredientes.m in Sources */,
				E6046BE41A7A2D0500985DBD /* Recipe.m in Sources */,
			);
			runOnlyForDeploymentPostprocessing = 0;
		};
/* End PBXSourcesBuildPhase section */

/* Begin XCBuildConfiguration section */
		E6046BDD1A7A2CF800985DBD /* Debug */ = {
			isa = XCBuildConfiguration;
			buildSettings = {
				ALWAYS_SEARCH_USER_PATHS = NO;
				CLANG_CXX_LANGUAGE_STANDARD = "gnu++0x";
				CLANG_CXX_LIBRARY = "libc++";
				CLANG_ENABLE_MODULES = YES;
				CLANG_ENABLE_OBJC_ARC = YES;
				CLANG_WARN_BOOL_CONVERSION = YES;
				CLANG_WARN_CONSTANT_CONVERSION = YES;
				CLANG_WARN_DIRECT_OBJC_ISA_USAGE = YES_ERROR;
				CLANG_WARN_EMPTY_BODY = YES;
				CLANG_WARN_ENUM_CONVERSION = YES;
				CLANG_WARN_INT_CONVERSION = YES;
				CLANG_WARN_OBJC_ROOT_CLASS = YES_ERROR;
				CLANG_WARN_UNREACHABLE_CODE = YES;
				CLANG_WARN__DUPLICATE_METHOD_MATCH = YES;
				COPY_PHASE_STRIP = NO;
				ENABLE_STRICT_OBJC_MSGSEND = YES;
				GCC_C_LANGUAGE_STANDARD = gnu99;
				GCC_DYNAMIC_NO_PIC = NO;
				GCC_OPTIMIZATION_LEVEL = 0;
				GCC_PREPROCESSOR_DEFINITIONS = (
					"DEBUG=1",
					"$(inherited)",
				);
				GCC_SYMBOLS_PRIVATE_EXTERN = NO;
				GCC_WARN_64_TO_32_BIT_CONVERSION = YES;
				GCC_WARN_ABOUT_RETURN_TYPE = YES_ERROR;
				GCC_WARN_UNDECLARED_SELECTOR = YES;
				GCC_WARN_UNINITIALIZED_AUTOS = YES_AGGRESSIVE;
				GCC_WARN_UNUSED_FUNCTION = YES;
				GCC_WARN_UNUSED_VARIABLE = YES;
				MACOSX_DEPLOYMENT_TARGET = 10.10;
				MTL_ENABLE_DEBUG_INFO = YES;
				ONLY_ACTIVE_ARCH = YES;
				SDKROOT = macosx;
			};
			name = Debug;
		};
		E6046BDE1A7A2CF800985DBD /* Release */ = {
			isa = XCBuildConfiguration;
			buildSettings = {
				ALWAYS_SEARCH_USER_PATHS = NO;
				CLANG_CXX_LANGUAGE_STANDARD = "gnu++0x";
				CLANG_CXX_LIBRARY = "libc++";
				CLANG_ENABLE_MODULES = YES;
				CLANG_ENABLE_OBJC_ARC = YES;
				CLANG_WARN_BOOL_CONVERSION = YES;
				CLANG_WARN_CONSTANT_CONVERSION = YES;
				CLANG_WARN_DIRECT_OBJC_ISA_USAGE = YES_ERROR;
				CLANG_WARN_EMPTY_BODY = YES;
				CLANG_WARN_ENUM_CONVERSION = YES;
				CLANG_WARN_INT_CONVERSION = YES;
				CLANG_WARN_OBJC_ROOT_CLASS = YES_ERROR;
				CLANG_WARN_UNREACHABLE_CODE = YES;
				CLANG_WARN__DUPLICATE_METHOD_MATCH = YES;
				COPY_PHASE_STRIP = YES;
				DEBUG_INFORMATION_FORMAT = "dwarf-with-dsym";
				ENABLE_NS_ASSERTIONS = NO;
				ENABLE_STRICT_OBJC_MSGSEND = YES;
				GCC_C_LANGUAGE_STANDARD = gnu99;
				GCC_WARN_64_TO_32_BIT_CONVERSION = YES;
				GCC_WARN_ABOUT_RETURN_TYPE = YES_ERROR;
				GCC_WARN_UNDECLARED_SELECTOR = YES;
				GCC_WARN_UNINITIALIZED_AUTOS = YES_AGGRESSIVE;
				GCC_WARN_UNUSED_FUNCTION = YES;
				GCC_WARN_UNUSED_VARIABLE = YES;
				MACOSX_DEPLOYMENT_TARGET = 10.10;
				MTL_ENABLE_DEBUG_INFO = NO;
				SDKROOT = macosx;
			};
			name = Release;
		};
		E6046BE01A7A2CF800985DBD /* Debug */ = {
			isa = XCBuildConfiguration;
			buildSettings = {
				PRODUCT_NAME = "$(TARGET_NAME)";
			};
			name = Debug;
		};
		E6046BE11A7A2CF800985DBD /* Release */ = {
			isa = XCBuildConfiguration;
			buildSettings = {
				PRODUCT_NAME = "$(TARGET_NAME)";
			};
			name = Release;
		};
/* End XCBuildConfiguration section */

/* Begin XCConfigurationList section */
		E6046BD31A7A2CF800985DBD /* Build configuration list for PBXProject "Recipe" */ = {
			isa = XCConfigurationList;
			buildConfigurations = (
				E6046BDD1A7A2CF800985DBD /* Debug */,
				E6046BDE1A7A2CF800985DBD /* Release */,
			);
			defaultConfigurationIsVisible = 0;
			defaultConfigurationName = Release;
		};
		E6046BDF1A7A2CF800985DBD /* Build configuration list for PBXNativeTarget "Recipe" */ = {
			isa = XCConfigurationList;
			buildConfigurations = (
				E6046BE01A7A2CF800985DBD /* Debug */,
				E6046BE11A7A2CF800985DBD /* Release */,
			);
			defaultConfigurationIsVisible = 0;
		};
/* End XCConfigurationList section */
	};
	rootObject = E6046BD01A7A2CF800985DBD /* Project object */;
}
